{
  "meteor": {},
  "dependencies": {
    "basePackages": {
      "ace-embed": {}
    },
    "packages": {
      "ace-embed": {
        "git": "https://github.com/stuartfenton/meteor-ace-embed.git",
        "tag": "v0.0.4",
        "commit": "027b0e1b0d06111b51a713f04a8b8750fdcbd289"
      }
    }
  }
}
